
Microsoft Visual Studio Solution File, Format Version 12.00
# Visual Studio Version 17
VisualStudioVersion = 17.6.33723.286
MinimumVisualStudioVersion = 10.0.40219.1
Project("{8BC9CEB8-8B4A-11D0-8D11-00A0C91BC942}") = "student22", "student22.vcxproj", "{53083DCD-7C81-4248-A367-26EC8DA11D17}"
EndProject
Global
	GlobalSection(SolutionConfigurationPlatforms) = preSolution
		Debug|x64 = Debug|x64
		Debug|x86 = Debug|x86
		Release|x64 = Release|x64
		Release|x86 = Release|x86
	EndGlobalSection
	GlobalSection(ProjectConfigurationPlatforms) = postSolution
		{53083DCD-7C81-4248-A367-26EC8DA11D17}.Debug|x64.ActiveCfg = Debug|x64
		{53083DCD-7C81-4248-A367-26EC8DA11D17}.Debug|x64.Build.0 = Debug|x64
		{53083DCD-7C81-4248-A367-26EC8DA11D17}.Debug|x86.ActiveCfg = Debug|Win32
		{53083DCD-7C81-4248-A367-26EC8DA11D17}.Debug|x86.Build.0 = Debug|Win32
		{53083DCD-7C81-4248-A367-26EC8DA11D17}.Release|x64.ActiveCfg = Release|x64
		{53083DCD-7C81-4248-A367-26EC8DA11D17}.Release|x64.Build.0 = Release|x64
		{53083DCD-7C81-4248-A367-26EC8DA11D17}.Release|x86.ActiveCfg = Release|Win32
		{53083DCD-7C81-4248-A367-26EC8DA11D17}.Release|x86.Build.0 = Release|Win32
	EndGlobalSection
	GlobalSection(SolutionProperties) = preSolution
		HideSolutionNode = FALSE
	EndGlobalSection
	GlobalSection(ExtensibilityGlobals) = postSolution
		SolutionGuid = {641F18E0-5E9D-47DB-AD8E-B5C79D69FD3B}
	EndGlobalSection
EndGlobal
